// !$*UTF8*$!
{
	archiveVersion = 1;
	classes = {
	};
	objectVersion = 50;
	objects = {

/* Begin PBXBuildFile section */
		570E73C621D2E528008675F2 /* coer_transform.c in Sources */ = {isa = PBXBuildFile; fileRef = 570E73C421D2E528008675F2 /* coer_transform.c */; };
		570E73C721D2E528008675F2 /* coer_transform.h in Headers */ = {isa = PBXBuildFile; fileRef = 570E73C521D2E528008675F2 /* coer_transform.h */; };
		570E741A21D33D26008675F2 /* coer_sort.h in Headers */ = {isa = PBXBuildFile; fileRef = 570E741821D33D26008675F2 /* coer_sort.h */; };
		570E741B21D33D26008675F2 /* coer_sort.c in Sources */ = {isa = PBXBuildFile; fileRef = 570E741921D33D26008675F2 /* coer_sort.c */; };
		573E640F21C34E29004CAA9C /* coer.c in Sources */ = {isa = PBXBuildFile; fileRef = 573E640D21C34E29004CAA9C /* coer.c */; };
		573E641021C34E29004CAA9C /* coer.h in Headers */ = {isa = PBXBuildFile; fileRef = 573E640E21C34E29004CAA9C /* coer.h */; };
		5768386221FC190E0099EFE7 /* coer_anim.h in Headers */ = {isa = PBXBuildFile; fileRef = 5768386021FC190E0099EFE7 /* coer_anim.h */; };
		5768386321FC190E0099EFE7 /* coer_anim.c in Sources */ = {isa = PBXBuildFile; fileRef = 5768386121FC190E0099EFE7 /* coer_anim.c */; };
		57BB01DF21FFC6CE0067AFCF /* coer_point.h in Headers */ = {isa = PBXBuildFile; fileRef = 57BB01DD21FFC6CE0067AFCF /* coer_point.h */; };
		57BB01E021FFC6CE0067AFCF /* coer_point.c in Sources */ = {isa = PBXBuildFile; fileRef = 57BB01DE21FFC6CE0067AFCF /* coer_point.c */; };
/* End PBXBuildFile section */

/* Begin PBXFileReference section */
		5705355B2270E42D00198EC8 /* coer_draggable.h */ = {isa = PBXFileReference; lastKnownFileType = sourcecode.c.h; name = coer_draggable.h; path = ../anim/coer_draggable.h; sourceTree = "<group>"; };
		570E73C421D2E528008675F2 /* coer_transform.c */ = {isa = PBXFileReference; fileEncoding = 4; lastKnownFileType = sourcecode.c.c; path = coer_transform.c; sourceTree = "<group>"; };
		570E73C521D2E528008675F2 /* coer_transform.h */ = {isa = PBXFileReference; fileEncoding = 4; lastKnownFileType = sourcecode.c.h; path = coer_transform.h; sourceTree = "<group>"; };
		570E741821D33D26008675F2 /* coer_sort.h */ = {isa = PBXFileReference; lastKnownFileType = sourcecode.c.h; path = coer_sort.h; sourceTree = "<group>"; };
		570E741921D33D26008675F2 /* coer_sort.c */ = {isa = PBXFileReference; lastKnownFileType = sourcecode.c.c; path = coer_sort.c; sourceTree = "<group>"; };
		573E640121C34DAE004CAA9C /* libcoer.a */ = {isa = PBXFileReference; explicitFileType = archive.ar; includeInIndex = 0; path = libcoer.a; sourceTree = BUILT_PRODUCTS_DIR; };
		573E640D21C34E29004CAA9C /* coer.c */ = {isa = PBXFileReference; fileEncoding = 4; lastKnownFileType = sourcecode.c.c; name = coer.c; path = ../coer.c; sourceTree = "<group>"; };
		573E640E21C34E29004CAA9C /* coer.h */ = {isa = PBXFileReference; fileEncoding = 4; lastKnownFileType = sourcecode.c.h; name = coer.h; path = ../coer.h; sourceTree = "<group>"; };
		573E641121C34E7C004CAA9C /* contrib */ = {isa = PBXFileReference; lastKnownFileType = folder; name = contrib; path = ../contrib; sourceTree = "<group>"; };
		5768386021FC190E0099EFE7 /* coer_anim.h */ = {isa = PBXFileReference; lastKnownFileType = sourcecode.c.h; path = coer_anim.h; sourceTree = "<group>"; };
		5768386121FC190E0099EFE7 /* coer_anim.c */ = {isa = PBXFileReference; lastKnownFileType = sourcecode.c.c; path = coer_anim.c; sourceTree = "<group>"; };
		57BB01DD21FFC6CE0067AFCF /* coer_point.h */ = {isa = PBXFileReference; lastKnownFileType = sourcecode.c.h; path = coer_point.h; sourceTree = "<group>"; };
		57BB01DE21FFC6CE0067AFCF /* coer_point.c */ = {isa = PBXFileReference; lastKnownFileType = sourcecode.c.c; path = coer_point.c; sourceTree = "<group>"; };
/* End PBXFileReference section */

/* Begin PBXFrameworksBuildPhase section */
		573E63FE21C34DAE004CAA9C /* Frameworks */ = {
			isa = PBXFrameworksBuildPhase;
			buildActionMask = 2147483647;
			files = (
			);
			runOnlyForDeploymentPostprocessing = 0;
		};
/* End PBXFrameworksBuildPhase section */

/* Begin PBXGroup section */
		570E73C321D2E528008675F2 /* geo */ = {
			isa = PBXGroup;
			children = (
				570E73C421D2E528008675F2 /* coer_transform.c */,
				570E73C521D2E528008675F2 /* coer_transform.h */,
				57BB01DD21FFC6CE0067AFCF /* coer_point.h */,
				57BB01DE21FFC6CE0067AFCF /* coer_point.c */,
			);
			path = geo;
			sourceTree = "<group>";
		};
		570E741721D33D0E008675F2 /* util */ = {
			isa = PBXGroup;
			children = (
				5705355B2270E42D00198EC8 /* coer_draggable.h */,
				570E741821D33D26008675F2 /* coer_sort.h */,
				570E741921D33D26008675F2 /* coer_sort.c */,
			);
			path = util;
			sourceTree = "<group>";
		};
		573E63F821C34DAE004CAA9C = {
			isa = PBXGroup;
			children = (
				573E640D21C34E29004CAA9C /* coer.c */,
				573E640E21C34E29004CAA9C /* coer.h */,
				573E641121C34E7C004CAA9C /* contrib */,
				573E640821C34DED004CAA9C /* src */,
				573E640221C34DAE004CAA9C /* Products */,
			);
			sourceTree = "<group>";
		};
		573E640221C34DAE004CAA9C /* Products */ = {
			isa = PBXGroup;
			children = (
				573E640121C34DAE004CAA9C /* libcoer.a */,
			);
			name = Products;
			sourceTree = "<group>";
		};
		573E640821C34DED004CAA9C /* src */ = {
			isa = PBXGroup;
			children = (
				5768385F21FC19020099EFE7 /* anim */,
				570E741721D33D0E008675F2 /* util */,
				570E73C321D2E528008675F2 /* geo */,
			);
			name = src;
			path = ../src;
			sourceTree = "<group>";
		};
		5768385F21FC19020099EFE7 /* anim */ = {
			isa = PBXGroup;
			children = (
				5768386021FC190E0099EFE7 /* coer_anim.h */,
				5768386121FC190E0099EFE7 /* coer_anim.c */,
			);
			path = anim;
			sourceTree = "<group>";
		};
/* End PBXGroup section */

/* Begin PBXHeadersBuildPhase section */
		573E63FF21C34DAE004CAA9C /* Headers */ = {
			isa = PBXHeadersBuildPhase;
			buildActionMask = 2147483647;
			files = (
				57BB01DF21FFC6CE0067AFCF /* coer_point.h in Headers */,
				570E73C721D2E528008675F2 /* coer_transform.h in Headers */,
				570E741A21D33D26008675F2 /* coer_sort.h in Headers */,
				5768386221FC190E0099EFE7 /* coer_anim.h in Headers */,
				573E641021C34E29004CAA9C /* coer.h in Headers */,
			);
			runOnlyForDeploymentPostprocessing = 0;
		};
/* End PBXHeadersBuildPhase section */

/* Begin PBXNativeTarget section */
		573E640021C34DAE004CAA9C /* coer */ = {
			isa = PBXNativeTarget;
			buildConfigurationList = 573E640521C34DAE004CAA9C /* Build configuration list for PBXNativeTarget "coer" */;
			buildPhases = (
				573E63FD21C34DAE004CAA9C /* Sources */,
				573E63FE21C34DAE004CAA9C /* Frameworks */,
				573E63FF21C34DAE004CAA9C /* Headers */,
			);
			buildRules = (
			);
			dependencies = (
			);
			name = coer;
			productName = coer;
			productReference = 573E640121C34DAE004CAA9C /* libcoer.a */;
			productType = "com.apple.product-type.library.static";
		};
/* End PBXNativeTarget section */

/* Begin PBXProject section */
		573E63F921C34DAE004CAA9C /* Project object */ = {
			isa = PBXProject;
			attributes = {
				LastUpgradeCheck = 0940;
				ORGANIZATIONNAME = ruminant;
				TargetAttributes = {
					573E640021C34DAE004CAA9C = {
						CreatedOnToolsVersion = 9.4.1;
					};
				};
			};
			buildConfigurationList = 573E63FC21C34DAE004CAA9C /* Build configuration list for PBXProject "coer" */;
			compatibilityVersion = "Xcode 9.3";
			developmentRegion = en;
			hasScannedForEncodings = 0;
			knownRegions = (
				en,
			);
			mainGroup = 573E63F821C34DAE004CAA9C;
			productRefGroup = 573E640221C34DAE004CAA9C /* Products */;
			projectDirPath = "";
			projectRoot = "";
			targets = (
				573E640021C34DAE004CAA9C /* coer */,
			);
		};
/* End PBXProject section */

/* Begin PBXSourcesBuildPhase section */
		573E63FD21C34DAE004CAA9C /* Sources */ = {
			isa = PBXSourcesBuildPhase;
			buildActionMask = 2147483647;
			files = (
				57BB01E021FFC6CE0067AFCF /* coer_point.c in Sources */,
				573E640F21C34E29004CAA9C /* coer.c in Sources */,
				5768386321FC190E0099EFE7 /* coer_anim.c in Sources */,
				570E741B21D33D26008675F2 /* coer_sort.c in Sources */,
				570E73C621D2E528008675F2 /* coer_transform.c in Sources */,
			);
			runOnlyForDeploymentPostprocessing = 0;
		};
/* End PBXSourcesBuildPhase section */

/* Begin XCBuildConfiguration section */
		573E640321C34DAE004CAA9C /* Debug */ = {
			isa = XCBuildConfiguration;
			buildSettings = {
				ALWAYS_SEARCH_USER_PATHS = NO;
				CLANG_ANALYZER_NONNULL = YES;
				CLANG_ANALYZER_NUMBER_OBJECT_CONVERSION = YES_AGGRESSIVE;
				CLANG_CXX_LANGUAGE_STANDARD = "gnu++14";
				CLANG_CXX_LIBRARY = "libc++";
				CLANG_ENABLE_MODULES = YES;
				CLANG_ENABLE_OBJC_ARC = YES;
				CLANG_ENABLE_OBJC_WEAK = YES;
				CLANG_WARN_BLOCK_CAPTURE_AUTORELEASING = YES;
				CLANG_WARN_BOOL_CONVERSION = YES;
				CLANG_WARN_COMMA = YES;
				CLANG_WARN_CONSTANT_CONVERSION = YES;
				CLANG_WARN_DEPRECATED_OBJC_IMPLEMENTATIONS = YES;
				CLANG_WARN_DIRECT_OBJC_ISA_USAGE = YES_ERROR;
				CLANG_WARN_DOCUMENTATION_COMMENTS = YES;
				CLANG_WARN_EMPTY_BODY = YES;
				CLANG_WARN_ENUM_CONVERSION = YES;
				CLANG_WARN_INFINITE_RECURSION = YES;
				CLANG_WARN_INT_CONVERSION = YES;
				CLANG_WARN_NON_LITERAL_NULL_CONVERSION = YES;
				CLANG_WARN_OBJC_IMPLICIT_RETAIN_SELF = YES;
				CLANG_WARN_OBJC_LITERAL_CONVERSION = YES;
				CLANG_WARN_OBJC_ROOT_CLASS = YES_ERROR;
				CLANG_WARN_RANGE_LOOP_ANALYSIS = YES;
				CLANG_WARN_STRICT_PROTOTYPES = YES;
				CLANG_WARN_SUSPICIOUS_MOVE = YES;
				CLANG_WARN_UNGUARDED_AVAILABILITY = YES_AGGRESSIVE;
				CLANG_WARN_UNREACHABLE_CODE = YES;
				CLANG_WARN__DUPLICATE_METHOD_MATCH = YES;
				CODE_SIGN_IDENTITY = "Mac Developer";
				COPY_PHASE_STRIP = NO;
				DEBUG_INFORMATION_FORMAT = dwarf;
				ENABLE_STRICT_OBJC_MSGSEND = YES;
				ENABLE_TESTABILITY = YES;
				GCC_C_LANGUAGE_STANDARD = gnu11;
				GCC_DYNAMIC_NO_PIC = NO;
				GCC_NO_COMMON_BLOCKS = YES;
				GCC_OPTIMIZATION_LEVEL = 0;
				GCC_PREPROCESSOR_DEFINITIONS = (
					"DEBUG=1",
					"$(inherited)",
				);
				GCC_WARN_64_TO_32_BIT_CONVERSION = YES;
				GCC_WARN_ABOUT_RETURN_TYPE = YES_ERROR;
				GCC_WARN_UNDECLARED_SELECTOR = YES;
				GCC_WARN_UNINITIALIZED_AUTOS = YES_AGGRESSIVE;
				GCC_WARN_UNUSED_FUNCTION = YES;
				GCC_WARN_UNUSED_VARIABLE = YES;
				MACOSX_DEPLOYMENT_TARGET = 10.13;
				MTL_ENABLE_DEBUG_INFO = YES;
				ONLY_ACTIVE_ARCH = YES;
				SDKROOT = macosx;
			};
			name = Debug;
		};
		573E640421C34DAE004CAA9C /* Release */ = {
			isa = XCBuildConfiguration;
			buildSettings = {
				ALWAYS_SEARCH_USER_PATHS = NO;
				CLANG_ANALYZER_NONNULL = YES;
				CLANG_ANALYZER_NUMBER_OBJECT_CONVERSION = YES_AGGRESSIVE;
				CLANG_CXX_LANGUAGE_STANDARD = "gnu++14";
				CLANG_CXX_LIBRARY = "libc++";
				CLANG_ENABLE_MODULES = YES;
				CLANG_ENABLE_OBJC_ARC = YES;
				CLANG_ENABLE_OBJC_WEAK = YES;
				CLANG_WARN_BLOCK_CAPTURE_AUTORELEASING = YES;
				CLANG_WARN_BOOL_CONVERSION = YES;
				CLANG_WARN_COMMA = YES;
				CLANG_WARN_CONSTANT_CONVERSION = YES;
				CLANG_WARN_DEPRECATED_OBJC_IMPLEMENTATIONS = YES;
				CLANG_WARN_DIRECT_OBJC_ISA_USAGE = YES_ERROR;
				CLANG_WARN_DOCUMENTATION_COMMENTS = YES;
				CLANG_WARN_EMPTY_BODY = YES;
				CLANG_WARN_ENUM_CONVERSION = YES;
				CLANG_WARN_INFINITE_RECURSION = YES;
				CLANG_WARN_INT_CONVERSION = YES;
				CLANG_WARN_NON_LITERAL_NULL_CONVERSION = YES;
				CLANG_WARN_OBJC_IMPLICIT_RETAIN_SELF = YES;
				CLANG_WARN_OBJC_LITERAL_CONVERSION = YES;
				CLANG_WARN_OBJC_ROOT_CLASS = YES_ERROR;
				CLANG_WARN_RANGE_LOOP_ANALYSIS = YES;
				CLANG_WARN_STRICT_PROTOTYPES = YES;
				CLANG_WARN_SUSPICIOUS_MOVE = YES;
				CLANG_WARN_UNGUARDED_AVAILABILITY = YES_AGGRESSIVE;
				CLANG_WARN_UNREACHABLE_CODE = YES;
				CLANG_WARN__DUPLICATE_METHOD_MATCH = YES;
				CODE_SIGN_IDENTITY = "Mac Developer";
				COPY_PHASE_STRIP = NO;
				DEBUG_INFORMATION_FORMAT = "dwarf-with-dsym";
				ENABLE_NS_ASSERTIONS = NO;
				ENABLE_STRICT_OBJC_MSGSEND = YES;
				GCC_C_LANGUAGE_STANDARD = gnu11;
				GCC_NO_COMMON_BLOCKS = YES;
				GCC_WARN_64_TO_32_BIT_CONVERSION = YES;
				GCC_WARN_ABOUT_RETURN_TYPE = YES_ERROR;
				GCC_WARN_UNDECLARED_SELECTOR = YES;
				GCC_WARN_UNINITIALIZED_AUTOS = YES_AGGRESSIVE;
				GCC_WARN_UNUSED_FUNCTION = YES;
				GCC_WARN_UNUSED_VARIABLE = YES;
				MACOSX_DEPLOYMENT_TARGET = 10.13;
				MTL_ENABLE_DEBUG_INFO = NO;
				SDKROOT = macosx;
			};
			name = Release;
		};
		573E640621C34DAE004CAA9C /* Debug */ = {
			isa = XCBuildConfiguration;
			buildSettings = {
				CODE_SIGN_STYLE = Automatic;
				DEVELOPMENT_TEAM = W7MSG2FEA9;
				EXECUTABLE_PREFIX = lib;
				HEADER_SEARCH_PATHS = ../contrib;
				PRODUCT_NAME = "$(TARGET_NAME)";
				SKIP_INSTALL = YES;
			};
			name = Debug;
		};
		573E640721C34DAE004CAA9C /* Release */ = {
			isa = XCBuildConfiguration;
			buildSettings = {
				CODE_SIGN_STYLE = Automatic;
				DEVELOPMENT_TEAM = W7MSG2FEA9;
				EXECUTABLE_PREFIX = lib;
				HEADER_SEARCH_PATHS = ../contrib;
				PRODUCT_NAME = "$(TARGET_NAME)";
				SKIP_INSTALL = YES;
			};
			name = Release;
		};
/* End XCBuildConfiguration section */

/* Begin XCConfigurationList section */
		573E63FC21C34DAE004CAA9C /* Build configuration list for PBXProject "coer" */ = {
			isa = XCConfigurationList;
			buildConfigurations = (
				573E640321C34DAE004CAA9C /* Debug */,
				573E640421C34DAE004CAA9C /* Release */,
			);
			defaultConfigurationIsVisible = 0;
			defaultConfigurationName = Release;
		};
		573E640521C34DAE004CAA9C /* Build configuration list for PBXNativeTarget "coer" */ = {
			isa = XCConfigurationList;
			buildConfigurations = (
				573E640621C34DAE004CAA9C /* Debug */,
				573E640721C34DAE004CAA9C /* Release */,
			);
			defaultConfigurationIsVisible = 0;
			defaultConfigurationName = Release;
		};
/* End XCConfigurationList section */
	};
	rootObject = 573E63F921C34DAE004CAA9C /* Project object */;
}
